Microsoft Visual Studio Solution File, Format Version 12.00
# Visual Studio Version 18
VisualStudioVersion = 18.2.11415.280 d18.0
MinimumVisualStudioVersion = 10.0.40219.1
Project("{FAE04EC0-301F-11D3-BF4B-00C04F79EFBC}") = "codegito.xyz.podcasts", "Jellyfin.Plugin.Template\codegito.xyz.podcasts.csproj", "{D921B930-CF91-406F-ACBC-08914DCD0D34}"
EndProject
Project("{FAE04EC0-301F-11D3-BF4B-00C04F79EFBC}") = "Jellyfin.Plugin.Template.Tests", "Jellyfin.Plugin.Template.Tests\Jellyfin.Plugin.Template.Tests.csproj", "{B3C4D5E6-F7A8-4901-BCDE-F01234567890}"
EndProject
Project("{911E67C6-3D85-4FCE-B560-20A9C3E3FF48}") = "jellyfin", "..\..\Applications\jellyfin\jellyfin.exe", "{263A3366-5A7C-04F9-DD66-6872AFDA06CB}"
	ProjectSection(DebuggerProjectSystem) = preProject
		PortSupplier = 00000000-0000-0000-0000-000000000000
		Executable = C:\Users\abold\Applications\jellyfin\jellyfin.exe
		RemoteMachine = LAPTOP-U711M1SM
		StartingDirectory = C:\Users\abold\Applications\jellyfin
		Environment = Default
		LaunchingEngine = 00000000-0000-0000-0000-000000000000
		UseLegacyDebugEngines = No
		LaunchSQLEngine = No
		AttachLaunchAction = No
		IORedirection = Auto
	EndProjectSection
EndProject
Global
	GlobalSection(SolutionConfigurationPlatforms) = preSolution
		Debug|Any CPU = Debug|Any CPU
		Debug|x64 = Debug|x64
		Debug|x86 = Debug|x86
		Release|Any CPU = Release|Any CPU
		Release|x64 = Release|x64
		Release|x86 = Release|x86
	EndGlobalSection
	GlobalSection(ProjectConfigurationPlatforms) = postSolution
		{D921B930-CF91-406F-ACBC-08914DCD0D34}.Debug|Any CPU.ActiveCfg = Debug|Any CPU
		{D921B930-CF91-406F-ACBC-08914DCD0D34}.Debug|Any CPU.Build.0 = Debug|Any CPU
		{D921B930-CF91-406F-ACBC-08914DCD0D34}.Debug|x64.ActiveCfg = Debug|Any CPU
		{D921B930-CF91-406F-ACBC-08914DCD0D34}.Debug|x64.Build.0 = Debug|Any CPU
		{D921B930-CF91-406F-ACBC-08914DCD0D34}.Debug|x86.ActiveCfg = Debug|Any CPU
		{D921B930-CF91-406F-ACBC-08914DCD0D34}.Debug|x86.Build.0 = Debug|Any CPU
		{D921B930-CF91-406F-ACBC-08914DCD0D34}.Release|Any CPU.ActiveCfg = Release|Any CPU
		{D921B930-CF91-406F-ACBC-08914DCD0D34}.Release|Any CPU.Build.0 = Release|Any CPU
		{D921B930-CF91-406F-ACBC-08914DCD0D34}.Release|x64.ActiveCfg = Release|Any CPU
		{D921B930-CF91-406F-ACBC-08914DCD0D34}.Release|x64.Build.0 = Release|Any CPU
		{D921B930-CF91-406F-ACBC-08914DCD0D34}.Release|x86.ActiveCfg = Release|Any CPU
		{D921B930-CF91-406F-ACBC-08914DCD0D34}.Release|x86.Build.0 = Release|Any CPU
		{B3C4D5E6-F7A8-4901-BCDE-F01234567890}.Debug|Any CPU.ActiveCfg = Debug|Any CPU
		{B3C4D5E6-F7A8-4901-BCDE-F01234567890}.Debug|Any CPU.Build.0 = Debug|Any CPU
		{B3C4D5E6-F7A8-4901-BCDE-F01234567890}.Debug|x64.ActiveCfg = Debug|Any CPU
		{B3C4D5E6-F7A8-4901-BCDE-F01234567890}.Debug|x64.Build.0 = Debug|Any CPU
		{B3C4D5E6-F7A8-4901-BCDE-F01234567890}.Debug|x86.ActiveCfg = Debug|Any CPU
		{B3C4D5E6-F7A8-4901-BCDE-F01234567890}.Debug|x86.Build.0 = Debug|Any CPU
		{B3C4D5E6-F7A8-4901-BCDE-F01234567890}.Release|Any CPU.ActiveCfg = Release|Any CPU
		{B3C4D5E6-F7A8-4901-BCDE-F01234567890}.Release|Any CPU.Build.0 = Release|Any CPU
		{B3C4D5E6-F7A8-4901-BCDE-F01234567890}.Release|x64.ActiveCfg = Release|Any CPU
		{B3C4D5E6-F7A8-4901-BCDE-F01234567890}.Release|x64.Build.0 = Release|Any CPU
		{B3C4D5E6-F7A8-4901-BCDE-F01234567890}.Release|x86.ActiveCfg = Release|Any CPU
		{B3C4D5E6-F7A8-4901-BCDE-F01234567890}.Release|x86.Build.0 = Release|Any CPU
		{263A3366-5A7C-04F9-DD66-6872AFDA06CB}.Debug|Any CPU.ActiveCfg = Release|x64
		{263A3366-5A7C-04F9-DD66-6872AFDA06CB}.Debug|x64.ActiveCfg = Release|x64
		{263A3366-5A7C-04F9-DD66-6872AFDA06CB}.Debug|x86.ActiveCfg = Release|x64
		{263A3366-5A7C-04F9-DD66-6872AFDA06CB}.Release|Any CPU.ActiveCfg = Release|x64
		{263A3366-5A7C-04F9-DD66-6872AFDA06CB}.Release|x64.ActiveCfg = Release|x64
		{263A3366-5A7C-04F9-DD66-6872AFDA06CB}.Release|x86.ActiveCfg = Release|x64
	EndGlobalSection
	GlobalSection(SolutionProperties) = preSolution
		HideSolutionNode = FALSE
	EndGlobalSection
	GlobalSection(ExtensibilityGlobals) = postSolution
		SolutionGuid = {023484B4-0D81-48F6-8845-7976068E552C}
	EndGlobalSection
EndGlobal
